
Microsoft Visual Studio Solution File, Format Version 12.00
# Visual Studio Version 16
VisualStudioVersion = 16.0.30503.244
MinimumVisualStudioVersion = 10.0.40219.1
Project("{9A19103F-16F7-4668-BE54-9A1E7A4F7556}") = "Marketplace.Domain", "Marketplace.Domain\Marketplace.Domain.csproj", "{9C5AEC71-2606-435D-83E8-3830180B3C2B}"
EndProject
Project("{9A19103F-16F7-4668-BE54-9A1E7A4F7556}") = "Marketplace.Infrastucture", "Marketplace.Persistence\Marketplace.Infrastucture.csproj", "{561752CF-BDDD-418C-A5AE-74ACF3F5090A}"
EndProject
Project("{9A19103F-16F7-4668-BE54-9A1E7A4F7556}") = "Marketplace.Application", "Marketplace.Application\Marketplace.Application.csproj", "{A5220B47-EB34-4E27-A3A8-17B0DFF39256}"
EndProject
Project("{9A19103F-16F7-4668-BE54-9A1E7A4F7556}") = "Marketplace.Presentation", "Marketplace.Presentation\Marketplace.Presentation.csproj", "{A2C82FA4-AECF-4303-BA6F-F723CDC4C9E4}"
EndProject
Global
	GlobalSection(SolutionConfigurationPlatforms) = preSolution
		Debug|Any CPU = Debug|Any CPU
		Release|Any CPU = Release|Any CPU
	EndGlobalSection
	GlobalSection(ProjectConfigurationPlatforms) = postSolution
		{9C5AEC71-2606-435D-83E8-3830180B3C2B}.Debug|Any CPU.ActiveCfg = Debug|Any CPU
		{9C5AEC71-2606-435D-83E8-3830180B3C2B}.Debug|Any CPU.Build.0 = Debug|Any CPU
		{9C5AEC71-2606-435D-83E8-3830180B3C2B}.Release|Any CPU.ActiveCfg = Release|Any CPU
		{9C5AEC71-2606-435D-83E8-3830180B3C2B}.Release|Any CPU.Build.0 = Release|Any CPU
		{561752CF-BDDD-418C-A5AE-74ACF3F5090A}.Debug|Any CPU.ActiveCfg = Debug|Any CPU
		{561752CF-BDDD-418C-A5AE-74ACF3F5090A}.Debug|Any CPU.Build.0 = Debug|Any CPU
		{561752CF-BDDD-418C-A5AE-74ACF3F5090A}.Release|Any CPU.ActiveCfg = Release|Any CPU
		{561752CF-BDDD-418C-A5AE-74ACF3F5090A}.Release|Any CPU.Build.0 = Release|Any CPU
		{A5220B47-EB34-4E27-A3A8-17B0DFF39256}.Debug|Any CPU.ActiveCfg = Debug|Any CPU
		{A5220B47-EB34-4E27-A3A8-17B0DFF39256}.Debug|Any CPU.Build.0 = Debug|Any CPU
		{A5220B47-EB34-4E27-A3A8-17B0DFF39256}.Release|Any CPU.ActiveCfg = Release|Any CPU
		{A5220B47-EB34-4E27-A3A8-17B0DFF39256}.Release|Any CPU.Build.0 = Release|Any CPU
		{A2C82FA4-AECF-4303-BA6F-F723CDC4C9E4}.Debug|Any CPU.ActiveCfg = Debug|Any CPU
		{A2C82FA4-AECF-4303-BA6F-F723CDC4C9E4}.Debug|Any CPU.Build.0 = Debug|Any CPU
		{A2C82FA4-AECF-4303-BA6F-F723CDC4C9E4}.Release|Any CPU.ActiveCfg = Release|Any CPU
		{A2C82FA4-AECF-4303-BA6F-F723CDC4C9E4}.Release|Any CPU.Build.0 = Release|Any CPU
	EndGlobalSection
	GlobalSection(SolutionProperties) = preSolution
		HideSolutionNode = FALSE
	EndGlobalSection
	GlobalSection(ExtensibilityGlobals) = postSolution
		SolutionGuid = {74A1F5EA-2B81-486A-A186-0C84AFBFE3B6}
	EndGlobalSection
EndGlobal
